
Microsoft Visual Studio Solution File, Format Version 12.00
# Visual Studio Version 16
VisualStudioVersion = 16.0.31911.196
MinimumVisualStudioVersion = 10.0.40219.1
Project("{FAE04EC0-301F-11D3-BF4B-00C04F79EFBC}") = "SingleResponsibility and OpenClosedPrinciple", "SingleResponsibility\SingleResponsibility and OpenClosedPrinciple.csproj", "{6BAAFFB1-1C5F-493E-A0D0-A76689CE019F}"
EndProject
Global
	GlobalSection(SolutionConfigurationPlatforms) = preSolution
		Debug|Any CPU = Debug|Any CPU
		Release|Any CPU = Release|Any CPU
	EndGlobalSection
	GlobalSection(ProjectConfigurationPlatforms) = postSolution
		{6BAAFFB1-1C5F-493E-A0D0-A76689CE019F}.Debug|Any CPU.ActiveCfg = Debug|Any CPU
		{6BAAFFB1-1C5F-493E-A0D0-A76689CE019F}.Debug|Any CPU.Build.0 = Debug|Any CPU
		{6BAAFFB1-1C5F-493E-A0D0-A76689CE019F}.Release|Any CPU.ActiveCfg = Release|Any CPU
		{6BAAFFB1-1C5F-493E-A0D0-A76689CE019F}.Release|Any CPU.Build.0 = Release|Any CPU
	EndGlobalSection
	GlobalSection(SolutionProperties) = preSolution
		HideSolutionNode = FALSE
	EndGlobalSection
	GlobalSection(ExtensibilityGlobals) = postSolution
		SolutionGuid = {09DBA0C0-A54D-4083-A2CF-03B8A06A014F}
	EndGlobalSection
EndGlobal
